
Microsoft Visual Studio Solution File, Format Version 12.00
# Visual Studio Version 17
VisualStudioVersion = 17.9.34728.123
MinimumVisualStudioVersion = 10.0.40219.1
Project("{9A19103F-16F7-4668-BE54-9A1E7A4F7556}") = "TP Veterinaria", "TP Veterinaria\TP Veterinaria.csproj", "{2BA604F1-6772-4D00-B0E6-8E6625A0B042}"
EndProject
Project("{FAE04EC0-301F-11D3-BF4B-00C04F79EFBC}") = "Frontend", "Frontend\Frontend.csproj", "{FDCFA2B9-2D67-49C1-9EED-FAFB30F7D0DA}"
EndProject
Global
	GlobalSection(SolutionConfigurationPlatforms) = preSolution
		Debug|Any CPU = Debug|Any CPU
		Release|Any CPU = Release|Any CPU
	EndGlobalSection
	GlobalSection(ProjectConfigurationPlatforms) = postSolution
		{2BA604F1-6772-4D00-B0E6-8E6625A0B042}.Debug|Any CPU.ActiveCfg = Debug|Any CPU
		{2BA604F1-6772-4D00-B0E6-8E6625A0B042}.Debug|Any CPU.Build.0 = Debug|Any CPU
		{2BA604F1-6772-4D00-B0E6-8E6625A0B042}.Release|Any CPU.ActiveCfg = Release|Any CPU
		{2BA604F1-6772-4D00-B0E6-8E6625A0B042}.Release|Any CPU.Build.0 = Release|Any CPU
		{FDCFA2B9-2D67-49C1-9EED-FAFB30F7D0DA}.Debug|Any CPU.ActiveCfg = Debug|Any CPU
		{FDCFA2B9-2D67-49C1-9EED-FAFB30F7D0DA}.Debug|Any CPU.Build.0 = Debug|Any CPU
		{FDCFA2B9-2D67-49C1-9EED-FAFB30F7D0DA}.Release|Any CPU.ActiveCfg = Release|Any CPU
		{FDCFA2B9-2D67-49C1-9EED-FAFB30F7D0DA}.Release|Any CPU.Build.0 = Release|Any CPU
	EndGlobalSection
	GlobalSection(SolutionProperties) = preSolution
		HideSolutionNode = FALSE
	EndGlobalSection
	GlobalSection(ExtensibilityGlobals) = postSolution
		SolutionGuid = {62532F30-5A35-429E-B78E-0A75315C6DB1}
	EndGlobalSection
EndGlobal
